# THIS IS AN AUTOGENERATED FILE. DO NOT EDIT THIS FILE DIRECTLY.
# yarn lockfile v1


rambda@^5.0.0:
  version "5.0.0"
  resolved "https://registry.yarnpkg.com/rambda/-/rambda-5.0.0.tgz#81e8207cd070f06d149b1f6d364d0a09440ff5f4"
  integrity sha512-0S/od6vhXG2aMrcCdWHW8fvcTyj7y3IYb46MuXCCKam//yqaUuOGYrZ+lXXVmoNmE1FqmMdeiJcGCqflpPvUNg==
